github.com/fatih/color v1.16.0 h1:zmkK9Ngbjj+K0yRhTVONQh1p/HknKYSlNT+vZCzyokM=
github.com/fatih/color v1.16.0/go.mod h1:fL2Sau1YI5c0pdGEVCbKQbLXB6edEj1ZgiY4NijnWvE=
github.com/fbaube/ctoken v0.0.0-20240117104044-e4c4f08f089a h1:r59r15IW9qrWfpRBWuzWi3M5diLNesZhNA1o1XjoOx4=
github.com/fbaube/ctoken v0.0.0-20240117104044-e4c4f08f089a/go.mod h1:pPoxOOTB5Gd1RcsqSuhfFvH2/StTWFVU/aWHmF+DVA8=
github.com/fbaube/ctoken v0.0.0-20240318064251-0d73030038b5 h1:0scpgD74lzmpOOn9YE6lHI7LOVdvALQPU2up3kbyHuE=
github.com/fbaube/ctoken v0.0.0-20240318064251-0d73030038b5/go.mod h1:MzaCWuPd7bek9dVfpVC6hamdoKfyTctcWvBqdTEQUo0=
github.com/fbaube/ctoken v0.0.0-20240319195511-16f0dbe6e833 h1:Du29sPtFcgLs9HPxGf5NWL094nnYe6FW42WS9I01q5g=
github.com/fbaube/ctoken v0.0.0-20240319195511-16f0dbe6e833/go.mod h1:MzaCWuPd7bek9dVfpVC6hamdoKfyTctcWvBqdTEQUo0=
github.com/fbaube/ctoken v0.0.0-20240320063444-9a7fe8d7e65c h1:DraGyMPGB1xz79HJchne4AeFq4OJ20jary3ZeIP2cro=
github.com/fbaube/ctoken v0.0.0-20240320063444-9a7fe8d7e65c/go.mod h1:MzaCWuPd7bek9dVfpVC6hamdoKfyTctcWvBqdTEQUo0=
github.com/fbaube/ctoken v0.0.0-20240320075402-d501c60baf3e h1:z6Hrve1dnPW+BSyCI3CYsjR/2fEm8zpWR3tueFtXCto=
github.com/fbaube/ctoken v0.0.0-20240320075402-d501c60baf3e/go.mod h1:MzaCWuPd7bek9dVfpVC6hamdoKfyTctcWvBqdTEQUo0=
github.com/fbaube/ctoken v0.0.0-20240322195920-6d5d80a301ae h1:ioBl2WQrh60rjuaIW/lWUaOnMLTi3XJj6ey7gl4k+Vs=
github.com/fbaube/ctoken v0.0.0-20240322195920-6d5d80a301ae/go.mod h1:70q1hRIa5HaLKfWVnc41/8vDqbQwRIl0k6rCEG2s4ww=
github.com/fbaube/ctoken v0.0.0-20240326135115-74e3cecb9b66 h1:SeqfuxSxFOqF70+dD74RvTymMLOrWv6PqC+sBRJTquM=
github.com/fbaube/ctoken v0.0.0-20240326135115-74e3cecb9b66/go.mod h1:a6iJmepHufrugrAfsr80vskX6krzXcuYXYmEg3CRK6s=
github.com/fbaube/fileutils v0.0.0-20231218210156-f6a37eab1eae h1:zU2TS8foMExseNqJE/vnlkoEzMzJhqsqSL8A02S2vuM=
github.com/fbaube/fileutils v0.0.0-20231218210156-f6a37eab1eae/go.mod h1:zCfNLrBn2uhhdt6rzsNFrV/iwLcVKub1kubC+wi3Zas=
github.com/fbaube/fileutils v0.0.0-20240313201955-760dba24347d h1:JKS20L1OCCZRkLzqPO/TvzJgALKrDxKDrapDOq3A7F4=
github.com/fbaube/fileutils v0.0.0-20240313201955-760dba24347d/go.mod h1:rnyhG9bJWKNaUQU9v2YWkFJOYh5ziN+x3BQ5BHdRSGc=
github.com/fbaube/fileutils v0.0.0-20240319103908-a02f921e7413 h1:baOMFEutz7NvnhPz/5cQjYVQOExFM053qveSGaqgthg=
github.com/fbaube/fileutils v0.0.0-20240319103908-a02f921e7413/go.mod h1:fgkkVtFMIcWZTRsWR7X62AR5tbpCm/b9KNIrIbVtMWY=
github.com/fbaube/fileutils v0.0.0-20240319151704-74389d18b489 h1:22zT9gphKNzpMRsD//CgvO6tjTsY7oxnDqe1F9Ls/cA=
github.com/fbaube/fileutils v0.0.0-20240319151704-74389d18b489/go.mod h1:2QpF645f8zzudiJBh7agf/nI8cil7Cel5RLqb2wTSp4=
github.com/fbaube/fileutils v0.0.0-20240321184736-e74b758e4e0d h1:JUQhIbMw0hhMp4PSmq6IVlyJdSGt9gMYC0r3whTgk1U=
github.com/fbaube/fileutils v0.0.0-20240321184736-e74b758e4e0d/go.mod h1:2S3eE5mz+17RSb7T/5fn3A0LbHN14T/gftJtFIK7mFA=
github.com/fbaube/fileutils v0.0.0-20240322195951-f7eac492460a h1:X1NIo9FY9Rm//3BcnYJf1Eyx/NYFNVaVmVODoeIhIuo=
github.com/fbaube/fileutils v0.0.0-20240322195951-f7eac492460a/go.mod h1:2S3eE5mz+17RSb7T/5fn3A0LbHN14T/gftJtFIK7mFA=
github.com/fbaube/fileutils v0.0.0-20240325105828-dd11185097a9 h1:QYnX2CE/LdiYWZLsP0OZIORe1T5DLJyPvIAAuINde+w=
github.com/fbaube/fileutils v0.0.0-20240325105828-dd11185097a9/go.mod h1:Lz2/eUvVeFg1Alb90F0khxrhLR1ujclRNfEHSjBkkL0=
github.com/fbaube/fileutils v0.0.0-20240325110318-0c80a6fa64f5 h1:RJ1zhFfL6+aSGYcW1C+hmHNtrKp/up7huE6rlETbb/o=
github.com/fbaube/fileutils v0.0.0-20240325110318-0c80a6fa64f5/go.mod h1:Lz2/eUvVeFg1Alb90F0khxrhLR1ujclRNfEHSjBkkL0=
github.com/fbaube/fileutils v0.0.0-20240326135138-a85c3bc4c0ed h1:74bLg0aZEzrKx0yUcMprZ1Lm9kt3LXHreI0TvmsaUNQ=
github.com/fbaube/fileutils v0.0.0-20240326135138-a85c3bc4c0ed/go.mod h1:deMf8Z56RkKphEF6jWBmMEX0q9i8ojDJxOS3pJWNrvU=
github.com/fbaube/gtoken v0.0.0-20231225203128-9dc8ca760381 h1:/BlIqT2a+czuUbJFeKF3taeZ3W+Ny8K14Sc8ViHZeqw=
github.com/fbaube/gtoken v0.0.0-20231225203128-9dc8ca760381/go.mod h1:L5TPmM5qhEVECO49RCwHxUMIJStcDicDuXPz9VzgyNs=
github.com/fbaube/gtoken v0.0.0-20240320063540-c37d25885062 h1:L1dvg/D9we7RGm+S648duMfYMsmTK8LtyCVop4VJ1BA=
github.com/fbaube/gtoken v0.0.0-20240320063540-c37d25885062/go.mod h1:B6ypVL82SXRFPJ+/NcqfFYHbxThNgnhM4sBzEcNM6Po=
github.com/fbaube/humanbytes v0.0.0-20240227103335-a0b11501ad0e h1:2lRZ3QxDYaZ9F7RXLSL3zugdmeQTGOrRddBk+RVTRY0=
github.com/fbaube/humanbytes v0.0.0-20240227103335-a0b11501ad0e/go.mod h1:WUS3tn4t+FViNsl4VOqYiV51cJNIIeMjLI9fOfm+Ug8=
github.com/fbaube/logutils v0.0.0-20240118190821-fba0e702dd07 h1:pnt16LF2Gq3myuCjvsTRqc6KUUquBD+gIV9YKHsH+qw=
github.com/fbaube/logutils v0.0.0-20240118190821-fba0e702dd07/go.mod h1:VifbtSBHXXNZhfgnsxhS7D++YcGbPt7esvjC7FCbFW4=
github.com/fbaube/lwdx v0.0.0-20240117104547-f8ce73919cdd h1:ZEv7HqLjV3pSauBdQNg82XgsmwZbOI3MihffTctH1l0=
github.com/fbaube/lwdx v0.0.0-20240117104547-f8ce73919cdd/go.mod h1:k5EDVHloyrrAVPqxW2oZEs/GtTWyG1RFsdZRJQay9LQ=
github.com/fbaube/lwdx v0.0.0-20240311105247-37cbc89f10e3 h1:rtYqqV+U9rnIc/tozMCeW9lSXod+zI8c4K48zq7/WME=
github.com/fbaube/lwdx v0.0.0-20240311105247-37cbc89f10e3/go.mod h1:k5EDVHloyrrAVPqxW2oZEs/GtTWyG1RFsdZRJQay9LQ=
github.com/fbaube/lwdx v0.0.0-20240320063713-9db965369380 h1:TXVgxLMRykIrp+6b60M5A0lT5XbHaRHEnYo1rm/GiSA=
github.com/fbaube/lwdx v0.0.0-20240320063713-9db965369380/go.mod h1:k5EDVHloyrrAVPqxW2oZEs/GtTWyG1RFsdZRJQay9LQ=
github.com/fbaube/lwdx v0.0.0-20240320075621-b207adbb578d h1:AjAbtDjPRMK7HFFnpQPl2QFJo5zEtrozkaSqQEo15dg=
github.com/fbaube/lwdx v0.0.0-20240320075621-b207adbb578d/go.mod h1:hx+NbX+wD3SaJNX1QfH0YOtNAvroHP1oeIcI/DOJ/5Y=
github.com/fbaube/miscutils v0.0.0-20231117113020-2270027d01bd h1:Emb4XK5G8w7VzRnIHGKwmfVzboEdaqw1EHgDphlEvjw=
github.com/fbaube/miscutils v0.0.0-20231117113020-2270027d01bd/go.mod h1:6oJ7XkjRcYbH/le2m11Sci3tXMspXhyRHd5RTX0Bz3M=
github.com/fbaube/miscutils v0.0.0-20240307083109-5e380dcbb1e7 h1:bqn4Q0XLSyluKH3KZcLz++bwoZLpOIJ47wOs6TrueNw=
github.com/fbaube/miscutils v0.0.0-20240307083109-5e380dcbb1e7/go.mod h1:dg2mLgV/vplcdzw+BhyH4fnv/j8VuOGEnDvftQyBrqQ=
github.com/fbaube/mlog v0.0.0-20230904080411-cfac35fed413 h1:hXpL/x5iYx38UGHzGU6V9ONPYeeLxzfniZDbAblkplw=
github.com/fbaube/mlog v0.0.0-20230904080411-cfac35fed413/go.mod h1:gdqN52o2Q28x8fcloz1M7KyknKnK6VPxPkAOc3+HxmQ=
github.com/fbaube/orderednodes v0.0.0-20231218101127-c53419188e1d h1:Jz9X5P3aS7cECKx3Jcu+16RZS5cEY01UjHaHzrjBtwQ=
github.com/fbaube/orderednodes v0.0.0-20231218101127-c53419188e1d/go.mod h1:4QfdjmVY5yV6oR4Wo96FbOuJxyGnOH7aQmczxKDzLYE=
github.com/fbaube/orderednodes v0.0.0-20240319104124-f229a21b9350 h1:gy5qL9LeFdRHE6Ib5O2ixVXsiQ/6DcyWm4u81Wr7izI=
github.com/fbaube/orderednodes v0.0.0-20240319104124-f229a21b9350/go.mod h1:4QfdjmVY5yV6oR4Wo96FbOuJxyGnOH7aQmczxKDzLYE=
github.com/fbaube/orderednodes v0.0.0-20240321184806-2ee3cb6fd12c h1:xKmtSDdHf3ClqS3i+AwXOOfs3EEhEjDni0AuEjAQoKs=
github.com/fbaube/orderednodes v0.0.0-20240321184806-2ee3cb6fd12c/go.mod h1:7Y/nCiEvRMdTZuBWkya6h/llSPreLgEDuSsfGV4JzF8=
github.com/fbaube/orderednodes v0.0.0-20240323120809-05155b0e906c h1:KjDFkrJN5BdPVH5WwjlPQyozVwjK5VfpHAXIbCM2Afs=
github.com/fbaube/orderednodes v0.0.0-20240323120809-05155b0e906c/go.mod h1:0chCasJocITmFeyBGYSkZ8VeZ9K7LuAb1YJSLYGyonA=
github.com/fbaube/orderednodes v0.0.0-20240326135312-a0ebfdbdacb6 h1:waWRorRM4JCcaC4fOP1HDScaq9fJVPbk8cu5saPzh+E=
github.com/fbaube/orderednodes v0.0.0-20240326135312-a0ebfdbdacb6/go.mod h1:n/vEEAckr1XcH97a/hzzxuX+wqn777SaVHWFFca4ex8=
github.com/fbaube/parseutils v0.0.0-20240117103929-681897b1f883 h1:uWst8iOXICKxejsRDU3spW0q4iVMJp87yRCoT9/G+j8=
github.com/fbaube/parseutils v0.0.0-20240117103929-681897b1f883/go.mod h1:KJMfLJ/C6vsNr2S2/yXCwmDz9BHENg40zTh0lPStijE=
github.com/fbaube/stringutils v0.0.0-20240110181932-8dd4155bdb7f h1:KZvXZMbG4zCX/M53bkQp8uKA0IQuLfWZt5L9CqEfBCc=
github.com/fbaube/stringutils v0.0.0-20240110181932-8dd4155bdb7f/go.mod h1:49bqx//iTAsBFtz350zEvJluNM5jaTYcRSw/hTPwY9o=
github.com/fbaube/stringutils v0.0.0-20240227182912-df670eade115 h1:MKnHqf56QnMgHdYfOjimAw0pq8sevqXVRQnROX5Qs1E=
github.com/fbaube/stringutils v0.0.0-20240227182912-df670eade115/go.mod h1:WCZlSHSWEOj/EaoxrmOcLVuXKuCGKfods14j1RS1JrY=
github.com/fbaube/stringutils v0.0.0-20240318064103-bf7b5a2b5f11 h1:SbTSSAz6W2bk6A7J4nbrQxSoSQQfwnPu4v8vT/4eO9c=
github.com/fbaube/stringutils v0.0.0-20240318064103-bf7b5a2b5f11/go.mod h1:5GRMKxtq6rUel/Pwfr7VG0eHVBPITL1UCsHyGHhTo8U=
github.com/fbaube/stringutils v0.0.0-20240322200159-80cb818c8713 h1:GFdzfzrMWL6CktOMF3WNHsGVYkZG3WqHSieczE2gSSw=
github.com/fbaube/stringutils v0.0.0-20240322200159-80cb818c8713/go.mod h1:5GRMKxtq6rUel/Pwfr7VG0eHVBPITL1UCsHyGHhTo8U=
github.com/fbaube/wasmutils v0.0.0-20231209183154-e25018375bc2 h1:c2o0/6fIdaGD9G84GUFg41qHYPWqfKO0HD8G9KLJQH4=
github.com/fbaube/wasmutils v0.0.0-20231209183154-e25018375bc2/go.mod h1:Yv24ab7DbaTunolfMWqQVI0g8yCNFu8y5IHxLbwZ0ZE=
github.com/fbaube/xmlutils v0.0.0-20240117103856-0d26c14e3769 h1:Y0yeQ+Vv3Z4NN4ulKkVAZggtm1+SK4scJJxn1qbq77Y=
github.com/fbaube/xmlutils v0.0.0-20240117103856-0d26c14e3769/go.mod h1:gsCwBzyR+nb9tdfJRL6aVTd9Fvuj/0R/tDM+seGxP8w=
github.com/fbaube/xmlutils v0.0.0-20240322200140-f0ad2fb0183d h1:9wjVLMYL33nmyMDGxdR7s1EocHhQ9mh852G/s9fmV0g=
github.com/fbaube/xmlutils v0.0.0-20240322200140-f0ad2fb0183d/go.mod h1:fC43BwdKJgvUUfij+oAbm78Gy+FRbGbmi1s3UgZha0E=
github.com/gomarkdown/markdown v0.0.0-20231222211730-1d6d20845b47 h1:k4Tw0nt6lwro3Uin8eqoET7MDA4JnT8YgbCjc/g5E3k=
github.com/gomarkdown/markdown v0.0.0-20231222211730-1d6d20845b47/go.mod h1:JDGcbDT52eL4fju3sZ4TeHGsQwhG9nbDV21aMyhwPoA=
github.com/mattn/go-colorable v0.1.13 h1:fFA4WZxdEF4tXPZVKMLwD8oUnCTTo08duU7wxecdEvA=
github.com/mattn/go-colorable v0.1.13/go.mod h1:7S9/ev0klgBDR4GtXTXX8a3vIGJpMovkB8vQcUbaXHg=
github.com/mattn/go-isatty v0.0.16/go.mod h1:kYGgaQfpe5nmfYZH+SKPsOc2e4SrIfOl2e/yFXSvRLM=
github.com/mattn/go-isatty v0.0.20 h1:xfD0iDuEKnDkl03q4limB+vH+GxLEtL/jb4xVJSWWEY=
github.com/mattn/go-isatty v0.0.20/go.mod h1:W+V8PltTTMOvKvAeJH7IuucS94S2C6jfK/D7dTCTo3Y=
github.com/mgutz/str v1.2.0 h1:4IzWSdIz9qPQWLfKZ0rJcV0jcUDpxvP4JVZ4GXQyvSw=
github.com/mgutz/str v1.2.0/go.mod h1:w1v0ofgLaJdoD0HpQ3fycxKD1WtxpjSo151pK/31q6w=
github.com/yuin/goldmark v1.6.0 h1:boZcn2GTjpsynOsC0iJHnBWa4Bi0qzfJjthwauItG68=
github.com/yuin/goldmark v1.6.0/go.mod h1:6yULJ656Px+3vBD8DxQVa3kxgyrAnzto9xy5taEt/CY=
github.com/yuin/goldmark v1.7.0 h1:EfOIvIMZIzHdB/R/zVrikYLPPwJlfMcNczJFMs1m6sA=
github.com/yuin/goldmark v1.7.0/go.mod h1:uzxRWxtg69N339t3louHJ7+O03ezfj6PlliRlaOzY1E=
golang.org/x/exp v0.0.0-20240119083558-1b970713d09a h1:Q8/wZp0KX97QFTc2ywcOE0YRjZPVIx+MXInMzdvQqcA=
golang.org/x/exp v0.0.0-20240119083558-1b970713d09a/go.mod h1:idGWGoKP1toJGkd5/ig9ZLuPcZBC3ewk7SzmH0uou08=
golang.org/x/exp v0.0.0-20240205201215-2c58cdc269a3 h1:/RIbNt/Zr7rVhIkQhooTxCxFcdWLGIKnZA4IXNFSrvo=
golang.org/x/exp v0.0.0-20240205201215-2c58cdc269a3/go.mod h1:idGWGoKP1toJGkd5/ig9ZLuPcZBC3ewk7SzmH0uou08=
golang.org/x/exp v0.0.0-20240222234643-814bf88cf225 h1:LfspQV/FYTatPTr/3HzIcmiUFH7PGP+OQ6mgDYo3yuQ=
golang.org/x/exp v0.0.0-20240222234643-814bf88cf225/go.mod h1:CxmFvTBINI24O/j8iY7H1xHzx2i4OsyguNBmN/uPtqc=
golang.org/x/exp v0.0.0-20240314144324-c7f7c6466f7f h1:3CW0unweImhOzd5FmYuRsD4Y4oQFKZIjAnKbjV4WIrw=
golang.org/x/exp v0.0.0-20240314144324-c7f7c6466f7f/go.mod h1:CxmFvTBINI24O/j8iY7H1xHzx2i4OsyguNBmN/uPtqc=
golang.org/x/exp v0.0.0-20240318143956-a85f2c67cd81 h1:6R2FC06FonbXQ8pK11/PDFY6N6LWlf9KlzibaCapmqc=
golang.org/x/exp v0.0.0-20240318143956-a85f2c67cd81/go.mod h1:CQ1k9gNrJ50XIzaKCRR2hssIjF07kZFEiieALBM/ARQ=
golang.org/x/exp v0.0.0-20240325151524-a685a6edb6d8 h1:aAcj0Da7eBAtrTp03QXWvm88pSyOt+UgdZw2BFZ+lEw=
golang.org/x/exp v0.0.0-20240325151524-a685a6edb6d8/go.mod h1:CQ1k9gNrJ50XIzaKCRR2hssIjF07kZFEiieALBM/ARQ=
golang.org/x/net v0.20.0 h1:aCL9BSgETF1k+blQaYUBx9hJ9LOGP3gAVemcZlf1Kpo=
golang.org/x/net v0.20.0/go.mod h1:z8BVo6PvndSri0LbOE3hAn0apkU+1YvI6E70E9jsnvY=
golang.org/x/net v0.21.0 h1:AQyQV4dYCvJ7vGmJyKki9+PBdyvhkSd8EIx/qb0AYv4=
golang.org/x/net v0.21.0/go.mod h1:bIjVDfnllIU7BJ2DNgfnXvpSvtn8VRwhlsaeUTyUS44=
golang.org/x/net v0.22.0 h1:9sGLhx7iRIHEiX0oAJ3MRZMUCElJgy7Br1nO+AMN3Tc=
golang.org/x/net v0.22.0/go.mod h1:JKghWKKOSdJwpW2GEx0Ja7fmaKnMsbu+MWVZTokSYmg=
golang.org/x/sys v0.0.0-20220811171246-fbc7d0a398ab/go.mod h1:oPkhp1MJrh7nUepCBck5+mAzfO9JrbApNNgaTdGDITg=
golang.org/x/sys v0.6.0/go.mod h1:oPkhp1MJrh7nUepCBck5+mAzfO9JrbApNNgaTdGDITg=
golang.org/x/sys v0.16.0 h1:xWw16ngr6ZMtmxDyKyIgsE93KNKz5HKmMa3b8ALHidU=
golang.org/x/sys v0.16.0/go.mod h1:/VUhepiaJMQUp4+oa/7Zr1D23ma6VTLIYjOOTFZPUcA=
golang.org/x/sys v0.17.0 h1:25cE3gD+tdBA7lp7QfhuV+rJiE9YXTcS3VG1SqssI/Y=
golang.org/x/sys v0.17.0/go.mod h1:/VUhepiaJMQUp4+oa/7Zr1D23ma6VTLIYjOOTFZPUcA=
golang.org/x/sys v0.18.0 h1:DBdB3niSjOA/O0blCZBqDefyWNYveAYMNF1Wum0DYQ4=
golang.org/x/sys v0.18.0/go.mod h1:/VUhepiaJMQUp4+oa/7Zr1D23ma6VTLIYjOOTFZPUcA=
gopkg.in/check.v1 v0.0.0-20161208181325-20d25e280405 h1:yhCVgyC4o1eVCa2tZl7eS0r+SDo693bJlVdllGtEeKM=
gopkg.in/check.v1 v0.0.0-20161208181325-20d25e280405/go.mod h1:Co6ibVJAznAaIkqp8huTwlJQCZ016jof/cbN4VW5Yz0=
gopkg.in/yaml.v2 v2.4.0 h1:D8xgwECY7CYvx+Y2n4sBz93Jn9JRvxdiyyo8CTfuKaY=
gopkg.in/yaml.v2 v2.4.0/go.mod h1:RDklbk79AGWmwhnvt/jBztapEOGDOx6ZbXqjP6csGnQ=
