github.com/fatih/color v1.16.0 h1:zmkK9Ngbjj+K0yRhTVONQh1p/HknKYSlNT+vZCzyokM=
github.com/fatih/color v1.16.0/go.mod h1:fL2Sau1YI5c0pdGEVCbKQbLXB6edEj1ZgiY4NijnWvE=
github.com/fatih/color v1.17.0 h1:GlRw1BRJxkpqUCBKzKOw098ed57fEsKeNjpTe3cSjK4=
github.com/fatih/color v1.17.0/go.mod h1:YZ7TlrGPkiz6ku9fK3TLD/pl3CpsiFyu8N92HLgmosI=
github.com/fbaube/ctoken v0.0.0-20240117104044-e4c4f08f089a h1:r59r15IW9qrWfpRBWuzWi3M5diLNesZhNA1o1XjoOx4=
github.com/fbaube/ctoken v0.0.0-20240117104044-e4c4f08f089a/go.mod h1:pPoxOOTB5Gd1RcsqSuhfFvH2/StTWFVU/aWHmF+DVA8=
github.com/fbaube/ctoken v0.0.0-20240318064251-0d73030038b5 h1:0scpgD74lzmpOOn9YE6lHI7LOVdvALQPU2up3kbyHuE=
github.com/fbaube/ctoken v0.0.0-20240318064251-0d73030038b5/go.mod h1:MzaCWuPd7bek9dVfpVC6hamdoKfyTctcWvBqdTEQUo0=
github.com/fbaube/ctoken v0.0.0-20240319195511-16f0dbe6e833 h1:Du29sPtFcgLs9HPxGf5NWL094nnYe6FW42WS9I01q5g=
github.com/fbaube/ctoken v0.0.0-20240319195511-16f0dbe6e833/go.mod h1:MzaCWuPd7bek9dVfpVC6hamdoKfyTctcWvBqdTEQUo0=
github.com/fbaube/ctoken v0.0.0-20240320063444-9a7fe8d7e65c h1:DraGyMPGB1xz79HJchne4AeFq4OJ20jary3ZeIP2cro=
github.com/fbaube/ctoken v0.0.0-20240320063444-9a7fe8d7e65c/go.mod h1:MzaCWuPd7bek9dVfpVC6hamdoKfyTctcWvBqdTEQUo0=
github.com/fbaube/ctoken v0.0.0-20240320075402-d501c60baf3e h1:z6Hrve1dnPW+BSyCI3CYsjR/2fEm8zpWR3tueFtXCto=
github.com/fbaube/ctoken v0.0.0-20240320075402-d501c60baf3e/go.mod h1:MzaCWuPd7bek9dVfpVC6hamdoKfyTctcWvBqdTEQUo0=
github.com/fbaube/ctoken v0.0.0-20240322195920-6d5d80a301ae h1:ioBl2WQrh60rjuaIW/lWUaOnMLTi3XJj6ey7gl4k+Vs=
github.com/fbaube/ctoken v0.0.0-20240322195920-6d5d80a301ae/go.mod h1:70q1hRIa5HaLKfWVnc41/8vDqbQwRIl0k6rCEG2s4ww=
github.com/fbaube/ctoken v0.0.0-20240326135115-74e3cecb9b66 h1:SeqfuxSxFOqF70+dD74RvTymMLOrWv6PqC+sBRJTquM=
github.com/fbaube/ctoken v0.0.0-20240326135115-74e3cecb9b66/go.mod h1:a6iJmepHufrugrAfsr80vskX6krzXcuYXYmEg3CRK6s=
github.com/fbaube/ctoken v0.0.0-20240327145556-74a636fac33d h1:WFf7aF79i5QUeBmgM4RcSSUDXbzO1bjwZfBPS6g/u3E=
github.com/fbaube/ctoken v0.0.0-20240327145556-74a636fac33d/go.mod h1:60M9YGqLxZXikUa5+/rl6X4WuC5kDXq8JkHpTAO7Al0=
github.com/fbaube/ctoken v0.0.0-20240331170316-48bee35bdbb4 h1:Sq/dmGPntC6YVeYrYvKCrZCkX46lqrMkYozEVBWox6M=
github.com/fbaube/ctoken v0.0.0-20240331170316-48bee35bdbb4/go.mod h1:60M9YGqLxZXikUa5+/rl6X4WuC5kDXq8JkHpTAO7Al0=
github.com/fbaube/ctoken v0.0.0-20240423072024-5de83ee55980 h1:V68eBzD0DpFmZIKlrDNLFfLOsbS5p+fOpWRjNSv6q1U=
github.com/fbaube/ctoken v0.0.0-20240423072024-5de83ee55980/go.mod h1:nUo5Lzo7/1p+0gRd55FSrPA9kU+SW43kiZf9I5AVuDY=
github.com/fbaube/ctoken v0.0.0-20240918123605-d4f3b42f3fa7 h1:YlVqJpUNNqjJMSG3UbCf9Y5/Odb45TdSwBoFcnkH9eI=
github.com/fbaube/ctoken v0.0.0-20240918123605-d4f3b42f3fa7/go.mod h1:VLP5G7SZOXioxvEwkHQmlKEg1g0VJoAHGMcM1eWG3Xg=
github.com/fbaube/dsmnd v0.0.0-20240918123654-3b99d9511c64 h1:tEEjeHRQSma3QPrqxt9Wep8n4jD3Vw85ISkf29Sjy9E=
github.com/fbaube/dsmnd v0.0.0-20240918123654-3b99d9511c64/go.mod h1:YVvG9X9nrUoOtk9DEkyyk6/0vdfNcDYHNWgBwGHbcUE=
github.com/fbaube/fileutils v0.0.0-20231218210156-f6a37eab1eae h1:zU2TS8foMExseNqJE/vnlkoEzMzJhqsqSL8A02S2vuM=
github.com/fbaube/fileutils v0.0.0-20231218210156-f6a37eab1eae/go.mod h1:zCfNLrBn2uhhdt6rzsNFrV/iwLcVKub1kubC+wi3Zas=
github.com/fbaube/fileutils v0.0.0-20240313201955-760dba24347d h1:JKS20L1OCCZRkLzqPO/TvzJgALKrDxKDrapDOq3A7F4=
github.com/fbaube/fileutils v0.0.0-20240313201955-760dba24347d/go.mod h1:rnyhG9bJWKNaUQU9v2YWkFJOYh5ziN+x3BQ5BHdRSGc=
github.com/fbaube/fileutils v0.0.0-20240319103908-a02f921e7413 h1:baOMFEutz7NvnhPz/5cQjYVQOExFM053qveSGaqgthg=
github.com/fbaube/fileutils v0.0.0-20240319103908-a02f921e7413/go.mod h1:fgkkVtFMIcWZTRsWR7X62AR5tbpCm/b9KNIrIbVtMWY=
github.com/fbaube/fileutils v0.0.0-20240319151704-74389d18b489 h1:22zT9gphKNzpMRsD//CgvO6tjTsY7oxnDqe1F9Ls/cA=
github.com/fbaube/fileutils v0.0.0-20240319151704-74389d18b489/go.mod h1:2QpF645f8zzudiJBh7agf/nI8cil7Cel5RLqb2wTSp4=
github.com/fbaube/fileutils v0.0.0-20240321184736-e74b758e4e0d h1:JUQhIbMw0hhMp4PSmq6IVlyJdSGt9gMYC0r3whTgk1U=
github.com/fbaube/fileutils v0.0.0-20240321184736-e74b758e4e0d/go.mod h1:2S3eE5mz+17RSb7T/5fn3A0LbHN14T/gftJtFIK7mFA=
github.com/fbaube/fileutils v0.0.0-20240322195951-f7eac492460a h1:X1NIo9FY9Rm//3BcnYJf1Eyx/NYFNVaVmVODoeIhIuo=
github.com/fbaube/fileutils v0.0.0-20240322195951-f7eac492460a/go.mod h1:2S3eE5mz+17RSb7T/5fn3A0LbHN14T/gftJtFIK7mFA=
github.com/fbaube/fileutils v0.0.0-20240325105828-dd11185097a9 h1:QYnX2CE/LdiYWZLsP0OZIORe1T5DLJyPvIAAuINde+w=
github.com/fbaube/fileutils v0.0.0-20240325105828-dd11185097a9/go.mod h1:Lz2/eUvVeFg1Alb90F0khxrhLR1ujclRNfEHSjBkkL0=
github.com/fbaube/fileutils v0.0.0-20240325110318-0c80a6fa64f5 h1:RJ1zhFfL6+aSGYcW1C+hmHNtrKp/up7huE6rlETbb/o=
github.com/fbaube/fileutils v0.0.0-20240325110318-0c80a6fa64f5/go.mod h1:Lz2/eUvVeFg1Alb90F0khxrhLR1ujclRNfEHSjBkkL0=
github.com/fbaube/fileutils v0.0.0-20240326135138-a85c3bc4c0ed h1:74bLg0aZEzrKx0yUcMprZ1Lm9kt3LXHreI0TvmsaUNQ=
github.com/fbaube/fileutils v0.0.0-20240326135138-a85c3bc4c0ed/go.mod h1:deMf8Z56RkKphEF6jWBmMEX0q9i8ojDJxOS3pJWNrvU=
github.com/fbaube/fileutils v0.0.0-20240417095306-e58c9c3714c9 h1:jBriWT52cQ4ngzShf09rxkgMnBc+1xbZTj0sWL75AVA=
github.com/fbaube/fileutils v0.0.0-20240417095306-e58c9c3714c9/go.mod h1:x+OZzobG36cBlYIPrLs7haS/iLwE5ihdkFk0q0T9V0Y=
github.com/fbaube/fileutils v0.0.0-20240621212347-2eac37ee1175 h1:CiLnv4mDA4mM8q7YUSpWed2Dov9G4noEK5XTS30ZGEc=
github.com/fbaube/fileutils v0.0.0-20240621212347-2eac37ee1175/go.mod h1:DKrboaY1AI2WdcdJg5hlxrQucjyhbRs6vTuSPOjipwo=
github.com/fbaube/fileutils v0.0.0-20240711165802-e675188e0700 h1:Sy6r2GX7YXHwdOs5winEipqYiQyQw82mDCjasBmtytY=
github.com/fbaube/fileutils v0.0.0-20240711165802-e675188e0700/go.mod h1:uOXws2M5N4NKdi4ODkLprkZTpRxf1ePSHlr32zRsmYs=
github.com/fbaube/fileutils v0.0.0-20240802090858-ed6ffbf06554 h1:e8i1U6V5FlKCYg+aN7hbTVpK/q0fZzSJfop27BGNx8U=
github.com/fbaube/fileutils v0.0.0-20240802090858-ed6ffbf06554/go.mod h1:qHWoQldbOe0TtfCOBBwt0VJ7jye0wbLRFBiqiRS4fnI=
github.com/fbaube/fileutils v0.0.0-20240914141041-8259eecc6613 h1:gsruKa/c6Hk2d2WkcAcqVSPrkxp6BmNK5ETGAA8dop4=
github.com/fbaube/fileutils v0.0.0-20240914141041-8259eecc6613/go.mod h1:Vm4xfXwqX66qu9L5wD8l0IA6LnDi/O+PtM1uXj0oRYI=
github.com/fbaube/fileutils v0.0.0-20240914172739-e58c716e9cd5 h1:wyphmOTYZYenslxVscZLXoOthuGWi6iL0y7kf4lucrQ=
github.com/fbaube/fileutils v0.0.0-20240914172739-e58c716e9cd5/go.mod h1:Vm4xfXwqX66qu9L5wD8l0IA6LnDi/O+PtM1uXj0oRYI=
github.com/fbaube/fileutils v0.0.0-20240914191711-b34b20a99b41 h1:Xs1B2pFczZqZtad1Da/wy3ySlzZoND/X2l0892U9Yhs=
github.com/fbaube/fileutils v0.0.0-20240914191711-b34b20a99b41/go.mod h1:Vm4xfXwqX66qu9L5wD8l0IA6LnDi/O+PtM1uXj0oRYI=
github.com/fbaube/fileutils v0.0.0-20240915100759-66a71cad8d09 h1:bvblxLEq+1p4YWNil1mrZdasO1R9pmbt9f3P/dfq0ws=
github.com/fbaube/fileutils v0.0.0-20240915100759-66a71cad8d09/go.mod h1:Vm4xfXwqX66qu9L5wD8l0IA6LnDi/O+PtM1uXj0oRYI=
github.com/fbaube/fileutils v0.0.0-20240918123803-07972037e4ed h1:ls055erVPs3+iMgjWSRohSKpU73kHltSnY+Rx/3rm/g=
github.com/fbaube/fileutils v0.0.0-20240918123803-07972037e4ed/go.mod h1:mvliA493p+Pnz8nHAs+jLxsMATq2eKrxbvh83/iq5UI=
github.com/fbaube/gtoken v0.0.0-20231225203128-9dc8ca760381 h1:/BlIqT2a+czuUbJFeKF3taeZ3W+Ny8K14Sc8ViHZeqw=
github.com/fbaube/gtoken v0.0.0-20231225203128-9dc8ca760381/go.mod h1:L5TPmM5qhEVECO49RCwHxUMIJStcDicDuXPz9VzgyNs=
github.com/fbaube/gtoken v0.0.0-20240320063540-c37d25885062 h1:L1dvg/D9we7RGm+S648duMfYMsmTK8LtyCVop4VJ1BA=
github.com/fbaube/gtoken v0.0.0-20240320063540-c37d25885062/go.mod h1:B6ypVL82SXRFPJ+/NcqfFYHbxThNgnhM4sBzEcNM6Po=
github.com/fbaube/gtoken v0.0.0-20240326202203-4d8380e83252 h1:w2IlO/uLhdx3Dncf+13xx33fG09gG+m0EyeFklAVj9Q=
github.com/fbaube/gtoken v0.0.0-20240326202203-4d8380e83252/go.mod h1:T4+w4lRk7IYyOT9g2EeVpREJ9hQ7zaqFAPomCQl6FFg=
github.com/fbaube/gtoken v0.0.0-20240419171355-cbdb0c76ad7a h1:tot33sJU4DiySAH6FD5DIjWJ1y4IwIWNyzX/o7oEC/c=
github.com/fbaube/gtoken v0.0.0-20240419171355-cbdb0c76ad7a/go.mod h1:e0spcAzf5Rsdp7JRkop2utogqTpMVCyifOTrzXi/oU8=
github.com/fbaube/gtoken v0.0.0-20240424095535-ba55dff0bb9e h1:B7O+NrynsCfUnxU/JprYPklpdOvvQzBmcp4HiMlCttY=
github.com/fbaube/gtoken v0.0.0-20240424095535-ba55dff0bb9e/go.mod h1:hVOe+/OIep7RoGqk0w6duttzDRZRPEZo6xzbO8x+zj0=
github.com/fbaube/gtoken v0.0.0-20240425064826-9bb2f312e1e8 h1:YsViUMdDQGbkqOw9l0hWkiLUj7kZ+0j71SOHc0Qm6wo=
github.com/fbaube/gtoken v0.0.0-20240425064826-9bb2f312e1e8/go.mod h1:nLleED4G7jdyYnA/vQJyRoMDvow6Ue1pZYrqyGZEqdE=
github.com/fbaube/humanbytes v0.0.0-20240227103335-a0b11501ad0e h1:2lRZ3QxDYaZ9F7RXLSL3zugdmeQTGOrRddBk+RVTRY0=
github.com/fbaube/humanbytes v0.0.0-20240227103335-a0b11501ad0e/go.mod h1:WUS3tn4t+FViNsl4VOqYiV51cJNIIeMjLI9fOfm+Ug8=
github.com/fbaube/logutils v0.0.0-20240118190821-fba0e702dd07 h1:pnt16LF2Gq3myuCjvsTRqc6KUUquBD+gIV9YKHsH+qw=
github.com/fbaube/logutils v0.0.0-20240118190821-fba0e702dd07/go.mod h1:VifbtSBHXXNZhfgnsxhS7D++YcGbPt7esvjC7FCbFW4=
github.com/fbaube/logutils v0.0.0-20240424185106-74c4aec59ce1 h1:TROWHi4ogqajl3kEfc5DRJh7HgVC3tPyj7qaGe16B+s=
github.com/fbaube/logutils v0.0.0-20240424185106-74c4aec59ce1/go.mod h1:Ulyk3vIjQ5L/NqJ9wmTMawBjqzAOvCs1jxF5iV3tS1w=
github.com/fbaube/logutils v0.0.0-20240425064504-eb572963f0fc h1:y21oEpytLrjte0p6CuKWTYQWc9xux0ys6a/vABtEqGs=
github.com/fbaube/logutils v0.0.0-20240425064504-eb572963f0fc/go.mod h1:Ulyk3vIjQ5L/NqJ9wmTMawBjqzAOvCs1jxF5iV3tS1w=
github.com/fbaube/lwdx v0.0.0-20240117104547-f8ce73919cdd h1:ZEv7HqLjV3pSauBdQNg82XgsmwZbOI3MihffTctH1l0=
github.com/fbaube/lwdx v0.0.0-20240117104547-f8ce73919cdd/go.mod h1:k5EDVHloyrrAVPqxW2oZEs/GtTWyG1RFsdZRJQay9LQ=
github.com/fbaube/lwdx v0.0.0-20240311105247-37cbc89f10e3 h1:rtYqqV+U9rnIc/tozMCeW9lSXod+zI8c4K48zq7/WME=
github.com/fbaube/lwdx v0.0.0-20240311105247-37cbc89f10e3/go.mod h1:k5EDVHloyrrAVPqxW2oZEs/GtTWyG1RFsdZRJQay9LQ=
github.com/fbaube/lwdx v0.0.0-20240320063713-9db965369380 h1:TXVgxLMRykIrp+6b60M5A0lT5XbHaRHEnYo1rm/GiSA=
github.com/fbaube/lwdx v0.0.0-20240320063713-9db965369380/go.mod h1:k5EDVHloyrrAVPqxW2oZEs/GtTWyG1RFsdZRJQay9LQ=
github.com/fbaube/lwdx v0.0.0-20240320075621-b207adbb578d h1:AjAbtDjPRMK7HFFnpQPl2QFJo5zEtrozkaSqQEo15dg=
github.com/fbaube/lwdx v0.0.0-20240320075621-b207adbb578d/go.mod h1:hx+NbX+wD3SaJNX1QfH0YOtNAvroHP1oeIcI/DOJ/5Y=
github.com/fbaube/lwdx v0.0.0-20240327195153-e4bf7566f0ba h1:H7JsoiV9LvI5/vKgJm7MwJ2e2hNwCml9NkOdJAR3GKQ=
github.com/fbaube/lwdx v0.0.0-20240327195153-e4bf7566f0ba/go.mod h1:yiFazFp4b87Hx1gX+z+u5N3zdizuuHKaORfkT1l0/sg=
github.com/fbaube/miscutils v0.0.0-20231117113020-2270027d01bd h1:Emb4XK5G8w7VzRnIHGKwmfVzboEdaqw1EHgDphlEvjw=
github.com/fbaube/miscutils v0.0.0-20231117113020-2270027d01bd/go.mod h1:6oJ7XkjRcYbH/le2m11Sci3tXMspXhyRHd5RTX0Bz3M=
github.com/fbaube/miscutils v0.0.0-20240307083109-5e380dcbb1e7 h1:bqn4Q0XLSyluKH3KZcLz++bwoZLpOIJ47wOs6TrueNw=
github.com/fbaube/miscutils v0.0.0-20240307083109-5e380dcbb1e7/go.mod h1:dg2mLgV/vplcdzw+BhyH4fnv/j8VuOGEnDvftQyBrqQ=
github.com/fbaube/miscutils v0.0.0-20240423072124-459b3fe30059 h1:yBbAlwGRquojXQhn3cPs4LFaXM5sLli3EqATSd6suLA=
github.com/fbaube/miscutils v0.0.0-20240423072124-459b3fe30059/go.mod h1:nhz82+zk2dWFrHGk/MuoF+x8W5RdKUSNoFUPNlksrDE=
github.com/fbaube/miscutils v0.0.0-20240711170042-126d05ff8acf h1:7PnaKfZ7si2tnlTZv6sgQghpd3oMwPGD8Ojl/+IowYU=
github.com/fbaube/miscutils v0.0.0-20240711170042-126d05ff8acf/go.mod h1:UMYDTZO33u5mFVGq5ad6zZ3V8gNfuKg86sdic9J0GEQ=
github.com/fbaube/miscutils v0.0.0-20240914143110-b98201fa8b4e h1:nly5+uEAdUq4UIvrx081LI8GBhtgDUDKZi57/hZD8TA=
github.com/fbaube/miscutils v0.0.0-20240914143110-b98201fa8b4e/go.mod h1:smjQdWsE6GthPacgvVUhKLNMUcN6Sf+gIvaUweTius4=
github.com/fbaube/mlog v0.0.0-20230904080411-cfac35fed413 h1:hXpL/x5iYx38UGHzGU6V9ONPYeeLxzfniZDbAblkplw=
github.com/fbaube/mlog v0.0.0-20230904080411-cfac35fed413/go.mod h1:gdqN52o2Q28x8fcloz1M7KyknKnK6VPxPkAOc3+HxmQ=
github.com/fbaube/mlog v0.0.0-20240424185134-3b40182c9674 h1:52Gz4s3MmkJeCrw594oW+hW43cFRX7e5dgnL8qw+D8Y=
github.com/fbaube/mlog v0.0.0-20240424185134-3b40182c9674/go.mod h1:5u5CuBZQnE6/rzzzQXfOlaViZHsFnYO49043UTGDUEY=
github.com/fbaube/mlog v0.0.0-20240425064535-3b89e3b28a76 h1:C1SjY+GWMR1smUZqspWm52AYfDq30fIjRzmy+ar+a8M=
github.com/fbaube/mlog v0.0.0-20240425064535-3b89e3b28a76/go.mod h1:kmnrjIOIydIQG0XoPcMoQ9XYJmVTt9fOByMvkDiDBTo=
github.com/fbaube/orderednodes v0.0.0-20231218101127-c53419188e1d h1:Jz9X5P3aS7cECKx3Jcu+16RZS5cEY01UjHaHzrjBtwQ=
github.com/fbaube/orderednodes v0.0.0-20231218101127-c53419188e1d/go.mod h1:4QfdjmVY5yV6oR4Wo96FbOuJxyGnOH7aQmczxKDzLYE=
github.com/fbaube/orderednodes v0.0.0-20240319104124-f229a21b9350 h1:gy5qL9LeFdRHE6Ib5O2ixVXsiQ/6DcyWm4u81Wr7izI=
github.com/fbaube/orderednodes v0.0.0-20240319104124-f229a21b9350/go.mod h1:4QfdjmVY5yV6oR4Wo96FbOuJxyGnOH7aQmczxKDzLYE=
github.com/fbaube/orderednodes v0.0.0-20240321184806-2ee3cb6fd12c h1:xKmtSDdHf3ClqS3i+AwXOOfs3EEhEjDni0AuEjAQoKs=
github.com/fbaube/orderednodes v0.0.0-20240321184806-2ee3cb6fd12c/go.mod h1:7Y/nCiEvRMdTZuBWkya6h/llSPreLgEDuSsfGV4JzF8=
github.com/fbaube/orderednodes v0.0.0-20240323120809-05155b0e906c h1:KjDFkrJN5BdPVH5WwjlPQyozVwjK5VfpHAXIbCM2Afs=
github.com/fbaube/orderednodes v0.0.0-20240323120809-05155b0e906c/go.mod h1:0chCasJocITmFeyBGYSkZ8VeZ9K7LuAb1YJSLYGyonA=
github.com/fbaube/orderednodes v0.0.0-20240326135312-a0ebfdbdacb6 h1:waWRorRM4JCcaC4fOP1HDScaq9fJVPbk8cu5saPzh+E=
github.com/fbaube/orderednodes v0.0.0-20240326135312-a0ebfdbdacb6/go.mod h1:n/vEEAckr1XcH97a/hzzxuX+wqn777SaVHWFFca4ex8=
github.com/fbaube/orderednodes v0.0.0-20240327103507-96eed71fc379 h1:5u6uxK8UI8tgAVOa0iJqNohRmaB/xmT4t9H2rrEI4to=
github.com/fbaube/orderednodes v0.0.0-20240327103507-96eed71fc379/go.mod h1:lI8ZmErf5IsksF/faxvrIrGB/nxJ8h1UpvughXdCYtw=
github.com/fbaube/orderednodes v0.0.0-20240425064601-31af59502a9e h1:w3661BT5mP97D/TtWKOaccynC/Po9hmlWvQgjcu7CbI=
github.com/fbaube/orderednodes v0.0.0-20240425064601-31af59502a9e/go.mod h1:D8EaxGPy0mPvkKtXFKjZ7vEUrkkRp6gWZ18mFddSJvc=
github.com/fbaube/orderednodes v0.0.0-20240711165930-30d48d5c9bc3 h1:SxXzEFUXw7Iboyn+OUzYpWKPJhMtbIboz7lZyOoQFx0=
github.com/fbaube/orderednodes v0.0.0-20240711165930-30d48d5c9bc3/go.mod h1:Z4JQE1Sc+1dm4J68kbTW/3VbwRpOjUrnhtkKO3XDGB0=
github.com/fbaube/orderednodes v0.0.0-20240802090809-a9375e1a3ed8 h1:FBlMA4BYi7O36qx/3fhqx9p4Gy8AFEPXbRRMv1z0IU8=
github.com/fbaube/orderednodes v0.0.0-20240802090809-a9375e1a3ed8/go.mod h1:QMCEOxHiqOnUDzacmhnmTERl26Pv7GpQHxRfvePHnQs=
github.com/fbaube/parseutils v0.0.0-20240117103929-681897b1f883 h1:uWst8iOXICKxejsRDU3spW0q4iVMJp87yRCoT9/G+j8=
github.com/fbaube/parseutils v0.0.0-20240117103929-681897b1f883/go.mod h1:KJMfLJ/C6vsNr2S2/yXCwmDz9BHENg40zTh0lPStijE=
github.com/fbaube/stringutils v0.0.0-20240110181932-8dd4155bdb7f h1:KZvXZMbG4zCX/M53bkQp8uKA0IQuLfWZt5L9CqEfBCc=
github.com/fbaube/stringutils v0.0.0-20240110181932-8dd4155bdb7f/go.mod h1:49bqx//iTAsBFtz350zEvJluNM5jaTYcRSw/hTPwY9o=
github.com/fbaube/stringutils v0.0.0-20240227182912-df670eade115 h1:MKnHqf56QnMgHdYfOjimAw0pq8sevqXVRQnROX5Qs1E=
github.com/fbaube/stringutils v0.0.0-20240227182912-df670eade115/go.mod h1:WCZlSHSWEOj/EaoxrmOcLVuXKuCGKfods14j1RS1JrY=
github.com/fbaube/stringutils v0.0.0-20240318064103-bf7b5a2b5f11 h1:SbTSSAz6W2bk6A7J4nbrQxSoSQQfwnPu4v8vT/4eO9c=
github.com/fbaube/stringutils v0.0.0-20240318064103-bf7b5a2b5f11/go.mod h1:5GRMKxtq6rUel/Pwfr7VG0eHVBPITL1UCsHyGHhTo8U=
github.com/fbaube/stringutils v0.0.0-20240322200159-80cb818c8713 h1:GFdzfzrMWL6CktOMF3WNHsGVYkZG3WqHSieczE2gSSw=
github.com/fbaube/stringutils v0.0.0-20240322200159-80cb818c8713/go.mod h1:5GRMKxtq6rUel/Pwfr7VG0eHVBPITL1UCsHyGHhTo8U=
github.com/fbaube/stringutils v0.0.0-20240326203406-bf4fec3db0ff h1:3TAKhiwkOIZoh1oAlTrhmpMcwA2YMjulPnWj93PJM+Y=
github.com/fbaube/stringutils v0.0.0-20240326203406-bf4fec3db0ff/go.mod h1:5GRMKxtq6rUel/Pwfr7VG0eHVBPITL1UCsHyGHhTo8U=
github.com/fbaube/stringutils v0.0.0-20240918123723-de59284266dd h1:DLel1Qjrlij/H/aKc5tuzVdnvAuPot+FPufs5a4lZvE=
github.com/fbaube/stringutils v0.0.0-20240918123723-de59284266dd/go.mod h1:a63D/7LDrHGRUqKtmKG9ZYIGco9iHJVrgzkNgxn7uUg=
github.com/fbaube/wasmutils v0.0.0-20231209183154-e25018375bc2 h1:c2o0/6fIdaGD9G84GUFg41qHYPWqfKO0HD8G9KLJQH4=
github.com/fbaube/wasmutils v0.0.0-20231209183154-e25018375bc2/go.mod h1:Yv24ab7DbaTunolfMWqQVI0g8yCNFu8y5IHxLbwZ0ZE=
github.com/fbaube/xmlutils v0.0.0-20240117103856-0d26c14e3769 h1:Y0yeQ+Vv3Z4NN4ulKkVAZggtm1+SK4scJJxn1qbq77Y=
github.com/fbaube/xmlutils v0.0.0-20240117103856-0d26c14e3769/go.mod h1:gsCwBzyR+nb9tdfJRL6aVTd9Fvuj/0R/tDM+seGxP8w=
github.com/fbaube/xmlutils v0.0.0-20240322200140-f0ad2fb0183d h1:9wjVLMYL33nmyMDGxdR7s1EocHhQ9mh852G/s9fmV0g=
github.com/fbaube/xmlutils v0.0.0-20240322200140-f0ad2fb0183d/go.mod h1:fC43BwdKJgvUUfij+oAbm78Gy+FRbGbmi1s3UgZha0E=
github.com/fbaube/xmlutils v0.0.0-20240327195046-548924e54dd1 h1:HymHSLLNfrapE9PdGMlWXx2yS0mEgn05dip+2QbmaEo=
github.com/fbaube/xmlutils v0.0.0-20240327195046-548924e54dd1/go.mod h1:SgIf7/lf+g4kTnFwWFf9F27SDREDSzYbTgBu7SppUzs=
github.com/fbaube/xmlutils v0.0.0-20240417095348-51b71796b1db h1:S1QgCt58BS83W58MVlLhtCY/KyivINriBaQ7S8SZCRg=
github.com/fbaube/xmlutils v0.0.0-20240417095348-51b71796b1db/go.mod h1:Za+S2ptbxwzKJekXNX2+wM3ubybYOcGlh9ZJGedjWqo=
github.com/fbaube/xmlutils v0.0.0-20240419171240-3c269a908cfd h1:6h5Ng4mUwsV9ToaJXib/mBrS7/glEV3Hifvw/F5Zhb8=
github.com/fbaube/xmlutils v0.0.0-20240419171240-3c269a908cfd/go.mod h1:Za+S2ptbxwzKJekXNX2+wM3ubybYOcGlh9ZJGedjWqo=
github.com/fbaube/xmlutils v0.0.0-20240421123818-50b211574755 h1:fOs1IwJBJY9N/zWGv8Z6htqaHnaiVVP09mdYOCFA9g4=
github.com/fbaube/xmlutils v0.0.0-20240421123818-50b211574755/go.mod h1:Za+S2ptbxwzKJekXNX2+wM3ubybYOcGlh9ZJGedjWqo=
github.com/fbaube/xmlutils v0.0.0-20240424095435-925ae6c0faf3 h1:FrdjzKTxmQLVn7QsHpXWuQdoI6sDmenn9IfMCdpt0Hc=
github.com/fbaube/xmlutils v0.0.0-20240424095435-925ae6c0faf3/go.mod h1:w9UiZbPgQSey2348yBt29yhOFJ0HydON3AxkQDwlYQs=
github.com/fbaube/xmlutils v0.0.0-20240425064631-d7c56373bd9a h1:BBUKU9STuOJ20/fWJTvdxROGnKEo9eREMaG/A+cphPk=
github.com/fbaube/xmlutils v0.0.0-20240425064631-d7c56373bd9a/go.mod h1:bSVQqpwp9ObrEdmefz4k1rNzTDzrj+JljsJDuVfkxtM=
github.com/gomarkdown/markdown v0.0.0-20231222211730-1d6d20845b47 h1:k4Tw0nt6lwro3Uin8eqoET7MDA4JnT8YgbCjc/g5E3k=
github.com/gomarkdown/markdown v0.0.0-20231222211730-1d6d20845b47/go.mod h1:JDGcbDT52eL4fju3sZ4TeHGsQwhG9nbDV21aMyhwPoA=
github.com/gomarkdown/markdown v0.0.0-20240328165702-4d01890c35c0 h1:4gjrh/PN2MuWCCElk8/I4OCKRKWCCo2zEct3VKCbibU=
github.com/gomarkdown/markdown v0.0.0-20240328165702-4d01890c35c0/go.mod h1:JDGcbDT52eL4fju3sZ4TeHGsQwhG9nbDV21aMyhwPoA=
github.com/gomarkdown/markdown v0.0.0-20240419095408-642f0ee99ae2 h1:yEt5djSYb4iNtmV9iJGVday+i4e9u6Mrn5iP64HH5QM=
github.com/gomarkdown/markdown v0.0.0-20240419095408-642f0ee99ae2/go.mod h1:JDGcbDT52eL4fju3sZ4TeHGsQwhG9nbDV21aMyhwPoA=
github.com/gomarkdown/markdown v0.0.0-20240626202925-2eda941fd024 h1:saBP362Qm7zDdDXqv61kI4rzhmLFq3Z1gx34xpl6cWE=
github.com/gomarkdown/markdown v0.0.0-20240626202925-2eda941fd024/go.mod h1:JDGcbDT52eL4fju3sZ4TeHGsQwhG9nbDV21aMyhwPoA=
github.com/gomarkdown/markdown v0.0.0-20240730141124-034f12af3bf6 h1:ZPy+2XJ8u0bB3sNFi+I72gMEMS7MTg7aZCCXPOjV8iw=
github.com/gomarkdown/markdown v0.0.0-20240730141124-034f12af3bf6/go.mod h1:JDGcbDT52eL4fju3sZ4TeHGsQwhG9nbDV21aMyhwPoA=
github.com/mattn/go-colorable v0.1.13 h1:fFA4WZxdEF4tXPZVKMLwD8oUnCTTo08duU7wxecdEvA=
github.com/mattn/go-colorable v0.1.13/go.mod h1:7S9/ev0klgBDR4GtXTXX8a3vIGJpMovkB8vQcUbaXHg=
github.com/mattn/go-isatty v0.0.16/go.mod h1:kYGgaQfpe5nmfYZH+SKPsOc2e4SrIfOl2e/yFXSvRLM=
github.com/mattn/go-isatty v0.0.20 h1:xfD0iDuEKnDkl03q4limB+vH+GxLEtL/jb4xVJSWWEY=
github.com/mattn/go-isatty v0.0.20/go.mod h1:W+V8PltTTMOvKvAeJH7IuucS94S2C6jfK/D7dTCTo3Y=
github.com/mgutz/str v1.2.0 h1:4IzWSdIz9qPQWLfKZ0rJcV0jcUDpxvP4JVZ4GXQyvSw=
github.com/mgutz/str v1.2.0/go.mod h1:w1v0ofgLaJdoD0HpQ3fycxKD1WtxpjSo151pK/31q6w=
github.com/yuin/goldmark v1.6.0 h1:boZcn2GTjpsynOsC0iJHnBWa4Bi0qzfJjthwauItG68=
github.com/yuin/goldmark v1.6.0/go.mod h1:6yULJ656Px+3vBD8DxQVa3kxgyrAnzto9xy5taEt/CY=
github.com/yuin/goldmark v1.7.0 h1:EfOIvIMZIzHdB/R/zVrikYLPPwJlfMcNczJFMs1m6sA=
github.com/yuin/goldmark v1.7.0/go.mod h1:uzxRWxtg69N339t3louHJ7+O03ezfj6PlliRlaOzY1E=
github.com/yuin/goldmark v1.7.1 h1:3bajkSilaCbjdKVsKdZjZCLBNPL9pYzrCakKaf4U49U=
github.com/yuin/goldmark v1.7.1/go.mod h1:uzxRWxtg69N339t3louHJ7+O03ezfj6PlliRlaOzY1E=
github.com/yuin/goldmark v1.7.2 h1:NjGd7lO7zrUn/A7eKwn5PEOt4ONYGqpxSEeZuduvgxc=
github.com/yuin/goldmark v1.7.2/go.mod h1:uzxRWxtg69N339t3louHJ7+O03ezfj6PlliRlaOzY1E=
github.com/yuin/goldmark v1.7.4 h1:BDXOHExt+A7gwPCJgPIIq7ENvceR7we7rOS9TNoLZeg=
github.com/yuin/goldmark v1.7.4/go.mod h1:uzxRWxtg69N339t3louHJ7+O03ezfj6PlliRlaOzY1E=
golang.org/x/exp v0.0.0-20240119083558-1b970713d09a h1:Q8/wZp0KX97QFTc2ywcOE0YRjZPVIx+MXInMzdvQqcA=
golang.org/x/exp v0.0.0-20240119083558-1b970713d09a/go.mod h1:idGWGoKP1toJGkd5/ig9ZLuPcZBC3ewk7SzmH0uou08=
golang.org/x/exp v0.0.0-20240205201215-2c58cdc269a3 h1:/RIbNt/Zr7rVhIkQhooTxCxFcdWLGIKnZA4IXNFSrvo=
golang.org/x/exp v0.0.0-20240205201215-2c58cdc269a3/go.mod h1:idGWGoKP1toJGkd5/ig9ZLuPcZBC3ewk7SzmH0uou08=
golang.org/x/exp v0.0.0-20240222234643-814bf88cf225 h1:LfspQV/FYTatPTr/3HzIcmiUFH7PGP+OQ6mgDYo3yuQ=
golang.org/x/exp v0.0.0-20240222234643-814bf88cf225/go.mod h1:CxmFvTBINI24O/j8iY7H1xHzx2i4OsyguNBmN/uPtqc=
golang.org/x/exp v0.0.0-20240314144324-c7f7c6466f7f h1:3CW0unweImhOzd5FmYuRsD4Y4oQFKZIjAnKbjV4WIrw=
golang.org/x/exp v0.0.0-20240314144324-c7f7c6466f7f/go.mod h1:CxmFvTBINI24O/j8iY7H1xHzx2i4OsyguNBmN/uPtqc=
golang.org/x/exp v0.0.0-20240318143956-a85f2c67cd81 h1:6R2FC06FonbXQ8pK11/PDFY6N6LWlf9KlzibaCapmqc=
golang.org/x/exp v0.0.0-20240318143956-a85f2c67cd81/go.mod h1:CQ1k9gNrJ50XIzaKCRR2hssIjF07kZFEiieALBM/ARQ=
golang.org/x/exp v0.0.0-20240325151524-a685a6edb6d8 h1:aAcj0Da7eBAtrTp03QXWvm88pSyOt+UgdZw2BFZ+lEw=
golang.org/x/exp v0.0.0-20240325151524-a685a6edb6d8/go.mod h1:CQ1k9gNrJ50XIzaKCRR2hssIjF07kZFEiieALBM/ARQ=
golang.org/x/exp v0.0.0-20240404231335-c0f41cb1a7a0 h1:985EYyeCOxTpcgOTJpflJUwOeEz0CQOdPt73OzpE9F8=
golang.org/x/exp v0.0.0-20240404231335-c0f41cb1a7a0/go.mod h1:/lliqkxwWAhPjf5oSOIJup2XcqJaw8RGS6k3TGEc7GI=
golang.org/x/exp v0.0.0-20240409090435-93d18d7e34b8 h1:ESSUROHIBHg7USnszlcdmjBEwdMj9VUvU+OPk4yl2mc=
golang.org/x/exp v0.0.0-20240409090435-93d18d7e34b8/go.mod h1:/lliqkxwWAhPjf5oSOIJup2XcqJaw8RGS6k3TGEc7GI=
golang.org/x/exp v0.0.0-20240416160154-fe59bbe5cc7f h1:99ci1mjWVBWwJiEKYY6jWa4d2nTQVIEhZIptnrVb1XY=
golang.org/x/exp v0.0.0-20240416160154-fe59bbe5cc7f/go.mod h1:/lliqkxwWAhPjf5oSOIJup2XcqJaw8RGS6k3TGEc7GI=
golang.org/x/exp v0.0.0-20240506185415-9bf2ced13842 h1:vr/HnozRka3pE4EsMEg1lgkXJkTFJCVUX+S/ZT6wYzM=
golang.org/x/exp v0.0.0-20240506185415-9bf2ced13842/go.mod h1:XtvwrStGgqGPLc4cjQfWqZHG1YFdYs6swckp8vpsjnc=
golang.org/x/exp v0.0.0-20240613232115-7f521ea00fb8 h1:yixxcjnhBmY0nkL253HFVIm0JsFHwrHdT3Yh6szTnfY=
golang.org/x/exp v0.0.0-20240613232115-7f521ea00fb8/go.mod h1:jj3sYF3dwk5D+ghuXyeI3r5MFf+NT2An6/9dOA95KSI=
golang.org/x/exp v0.0.0-20240707233637-46b078467d37 h1:uLDX+AfeFCct3a2C7uIWBKMJIR3CJMhcgfrUAqjRK6w=
golang.org/x/exp v0.0.0-20240707233637-46b078467d37/go.mod h1:M4RDyNAINzryxdtnbRXRL/OHtkFuWGRjvuhBJpk2IlY=
golang.org/x/exp v0.0.0-20240719175910-8a7402abbf56 h1:2dVuKD2vS7b0QIHQbpyTISPd0LeHDbnYEryqj5Q1ug8=
golang.org/x/exp v0.0.0-20240719175910-8a7402abbf56/go.mod h1:M4RDyNAINzryxdtnbRXRL/OHtkFuWGRjvuhBJpk2IlY=
golang.org/x/exp v0.0.0-20240823005443-9b4947da3948 h1:kx6Ds3MlpiUHKj7syVnbp57++8WpuKPcR5yjLBjvLEA=
golang.org/x/exp v0.0.0-20240823005443-9b4947da3948/go.mod h1:akd2r19cwCdwSwWeIdzYQGa/EZZyqcOdwWiwj5L5eKQ=
golang.org/x/exp v0.0.0-20240909161429-701f63a606c0 h1:e66Fs6Z+fZTbFBAxKfP3PALWBtpfqks2bwGcexMxgtk=
golang.org/x/exp v0.0.0-20240909161429-701f63a606c0/go.mod h1:2TbTHSBQa924w8M6Xs1QcRcFwyucIwBGpK1p2f1YFFY=
golang.org/x/net v0.20.0 h1:aCL9BSgETF1k+blQaYUBx9hJ9LOGP3gAVemcZlf1Kpo=
golang.org/x/net v0.20.0/go.mod h1:z8BVo6PvndSri0LbOE3hAn0apkU+1YvI6E70E9jsnvY=
golang.org/x/net v0.21.0 h1:AQyQV4dYCvJ7vGmJyKki9+PBdyvhkSd8EIx/qb0AYv4=
golang.org/x/net v0.21.0/go.mod h1:bIjVDfnllIU7BJ2DNgfnXvpSvtn8VRwhlsaeUTyUS44=
golang.org/x/net v0.22.0 h1:9sGLhx7iRIHEiX0oAJ3MRZMUCElJgy7Br1nO+AMN3Tc=
golang.org/x/net v0.22.0/go.mod h1:JKghWKKOSdJwpW2GEx0Ja7fmaKnMsbu+MWVZTokSYmg=
golang.org/x/net v0.24.0 h1:1PcaxkF854Fu3+lvBIx5SYn9wRlBzzcnHZSiaFFAb0w=
golang.org/x/net v0.24.0/go.mod h1:2Q7sJY5mzlzWjKtYUEXSlBWCdyaioyXzRB2RtU8KVE8=
golang.org/x/net v0.25.0 h1:d/OCCoBEUq33pjydKrGQhw7IlUPI2Oylr+8qLx49kac=
golang.org/x/net v0.25.0/go.mod h1:JkAGAh7GEvH74S6FOH42FLoXpXbE/aqXSrIQjXgsiwM=
golang.org/x/net v0.26.0 h1:soB7SVo0PWrY4vPW/+ay0jKDNScG2X9wFeYlXIvJsOQ=
golang.org/x/net v0.26.0/go.mod h1:5YKkiSynbBIh3p6iOc/vibscux0x38BZDkn8sCUPxHE=
golang.org/x/net v0.27.0 h1:5K3Njcw06/l2y9vpGCSdcxWOYHOUk3dVNGDXN+FvAys=
golang.org/x/net v0.27.0/go.mod h1:dDi0PyhWNoiUOrAS8uXv/vnScO4wnHQO4mj9fn/RytE=
golang.org/x/net v0.28.0 h1:a9JDOJc5GMUJ0+UDqmLT86WiEy7iWyIhz8gz8E4e5hE=
golang.org/x/net v0.28.0/go.mod h1:yqtgsTWOOnlGLG9GFRrK3++bGOUEkNBoHZc8MEDWPNg=
golang.org/x/net v0.29.0 h1:5ORfpBpCs4HzDYoodCDBbwHzdR5UrLBZ3sOnUJmFoHo=
golang.org/x/net v0.29.0/go.mod h1:gLkgy8jTGERgjzMic6DS9+SP0ajcu6Xu3Orq/SpETg0=
golang.org/x/sys v0.0.0-20220811171246-fbc7d0a398ab/go.mod h1:oPkhp1MJrh7nUepCBck5+mAzfO9JrbApNNgaTdGDITg=
golang.org/x/sys v0.6.0/go.mod h1:oPkhp1MJrh7nUepCBck5+mAzfO9JrbApNNgaTdGDITg=
golang.org/x/sys v0.16.0 h1:xWw16ngr6ZMtmxDyKyIgsE93KNKz5HKmMa3b8ALHidU=
golang.org/x/sys v0.16.0/go.mod h1:/VUhepiaJMQUp4+oa/7Zr1D23ma6VTLIYjOOTFZPUcA=
golang.org/x/sys v0.17.0 h1:25cE3gD+tdBA7lp7QfhuV+rJiE9YXTcS3VG1SqssI/Y=
golang.org/x/sys v0.17.0/go.mod h1:/VUhepiaJMQUp4+oa/7Zr1D23ma6VTLIYjOOTFZPUcA=
golang.org/x/sys v0.18.0 h1:DBdB3niSjOA/O0blCZBqDefyWNYveAYMNF1Wum0DYQ4=
golang.org/x/sys v0.18.0/go.mod h1:/VUhepiaJMQUp4+oa/7Zr1D23ma6VTLIYjOOTFZPUcA=
golang.org/x/sys v0.19.0 h1:q5f1RH2jigJ1MoAWp2KTp3gm5zAGFUTarQZ5U386+4o=
golang.org/x/sys v0.19.0/go.mod h1:/VUhepiaJMQUp4+oa/7Zr1D23ma6VTLIYjOOTFZPUcA=
golang.org/x/sys v0.20.0 h1:Od9JTbYCk261bKm4M/mw7AklTlFYIa0bIp9BgSm1S8Y=
golang.org/x/sys v0.20.0/go.mod h1:/VUhepiaJMQUp4+oa/7Zr1D23ma6VTLIYjOOTFZPUcA=
golang.org/x/sys v0.21.0 h1:rF+pYz3DAGSQAxAu1CbC7catZg4ebC4UIeIhKxBZvws=
golang.org/x/sys v0.21.0/go.mod h1:/VUhepiaJMQUp4+oa/7Zr1D23ma6VTLIYjOOTFZPUcA=
golang.org/x/sys v0.22.0 h1:RI27ohtqKCnwULzJLqkv897zojh5/DwS/ENaMzUOaWI=
golang.org/x/sys v0.22.0/go.mod h1:/VUhepiaJMQUp4+oa/7Zr1D23ma6VTLIYjOOTFZPUcA=
golang.org/x/sys v0.24.0 h1:Twjiwq9dn6R1fQcyiK+wQyHWfaz/BJB+YIpzU/Cv3Xg=
golang.org/x/sys v0.24.0/go.mod h1:/VUhepiaJMQUp4+oa/7Zr1D23ma6VTLIYjOOTFZPUcA=
golang.org/x/sys v0.25.0 h1:r+8e+loiHxRqhXVl6ML1nO3l1+oFoWbnlu2Ehimmi34=
golang.org/x/sys v0.25.0/go.mod h1:/VUhepiaJMQUp4+oa/7Zr1D23ma6VTLIYjOOTFZPUcA=
gopkg.in/check.v1 v0.0.0-20161208181325-20d25e280405 h1:yhCVgyC4o1eVCa2tZl7eS0r+SDo693bJlVdllGtEeKM=
gopkg.in/check.v1 v0.0.0-20161208181325-20d25e280405/go.mod h1:Co6ibVJAznAaIkqp8huTwlJQCZ016jof/cbN4VW5Yz0=
gopkg.in/yaml.v2 v2.4.0 h1:D8xgwECY7CYvx+Y2n4sBz93Jn9JRvxdiyyo8CTfuKaY=
gopkg.in/yaml.v2 v2.4.0/go.mod h1:RDklbk79AGWmwhnvt/jBztapEOGDOx6ZbXqjP6csGnQ=
